
Microsoft Visual Studio Solution File, Format Version 12.00
# Visual Studio Version 16
VisualStudioVersion = 16.0.31410.223
MinimumVisualStudioVersion = 10.0.40219.1
Project("{FAE04EC0-301F-11D3-BF4B-00C04F79EFBC}") = "Julio17MVC", "Julio17MVC\Julio17MVC.csproj", "{256E2C94-0BF8-409E-B1EB-C84CD1524FA1}"
EndProject
Project("{2150E333-8FDC-42A3-9474-1A3956D46DE8}") = "Solution Items", "Solution Items", "{EF1F4C46-3F21-40D0-A8DC-8E23B797CACD}"
	ProjectSection(SolutionItems) = preProject
		Readme.md = Readme.md
	EndProjectSection
EndProject
Global
	GlobalSection(SolutionConfigurationPlatforms) = preSolution
		Debug|Any CPU = Debug|Any CPU
		Release|Any CPU = Release|Any CPU
	EndGlobalSection
	GlobalSection(ProjectConfigurationPlatforms) = postSolution
		{256E2C94-0BF8-409E-B1EB-C84CD1524FA1}.Debug|Any CPU.ActiveCfg = Debug|Any CPU
		{256E2C94-0BF8-409E-B1EB-C84CD1524FA1}.Debug|Any CPU.Build.0 = Debug|Any CPU
		{256E2C94-0BF8-409E-B1EB-C84CD1524FA1}.Release|Any CPU.ActiveCfg = Release|Any CPU
		{256E2C94-0BF8-409E-B1EB-C84CD1524FA1}.Release|Any CPU.Build.0 = Release|Any CPU
	EndGlobalSection
	GlobalSection(SolutionProperties) = preSolution
		HideSolutionNode = FALSE
	EndGlobalSection
	GlobalSection(ExtensibilityGlobals) = postSolution
		SolutionGuid = {5F8FD15C-0158-4D2B-941D-B7BFA722B168}
	EndGlobalSection
EndGlobal
